
Microsoft Visual Studio Solution File, Format Version 12.00
# Visual Studio 15
VisualStudioVersion = 15.0.28307.271
MinimumVisualStudioVersion = 10.0.40219.1
Project("{FAE04EC0-301F-11D3-BF4B-00C04F79EFBC}") = "BilgeAdam.FormControls", "BilgeAdam.FormControls\BilgeAdam.FormControls.csproj", "{39000FAC-4901-447A-9A1C-A9DE04CF397F}"
EndProject
Global
	GlobalSection(SolutionConfigurationPlatforms) = preSolution
		Debug|Any CPU = Debug|Any CPU
		Release|Any CPU = Release|Any CPU
	EndGlobalSection
	GlobalSection(ProjectConfigurationPlatforms) = postSolution
		{39000FAC-4901-447A-9A1C-A9DE04CF397F}.Debug|Any CPU.ActiveCfg = Debug|Any CPU
		{39000FAC-4901-447A-9A1C-A9DE04CF397F}.Debug|Any CPU.Build.0 = Debug|Any CPU
		{39000FAC-4901-447A-9A1C-A9DE04CF397F}.Release|Any CPU.ActiveCfg = Release|Any CPU
		{39000FAC-4901-447A-9A1C-A9DE04CF397F}.Release|Any CPU.Build.0 = Release|Any CPU
	EndGlobalSection
	GlobalSection(SolutionProperties) = preSolution
		HideSolutionNode = FALSE
	EndGlobalSection
	GlobalSection(ExtensibilityGlobals) = postSolution
		SolutionGuid = {5A75B492-A9D7-4AD1-A919-F78534D5AC9C}
	EndGlobalSection
EndGlobal
